
Microsoft Visual Studio Solution File, Format Version 12.00
# Visual Studio Version 16
VisualStudioVersion = 16.0.31624.102
MinimumVisualStudioVersion = 10.0.40219.1
Project("{9A19103F-16F7-4668-BE54-9A1E7A4F7556}") = "ACCPitstopCalcGUI", "..\ACCPitstopCalcGUI\ACCPitstopCalcGUI.csproj", "{97262E13-DBB7-456F-AC9C-BF4804D16E82}"
EndProject
Project("{FAE04EC0-301F-11D3-BF4B-00C04F79EFBC}") = "FuelCalculation", "..\FuelCalculatorDLL\FuelCalculation.csproj", "{996AA98E-F099-4A9F-B4F2-F262F37F0D85}"
EndProject
Project("{FAE04EC0-301F-11D3-BF4B-00C04F79EFBC}") = "ksBroadcastingNetwork", "G:\Daniel\Steam\steamapps\common\Assetto Corsa Competizione Dedicated Server\sdk\broadcasting\Sources\ksBroadcastingNetwork\ksBroadcastingNetwork.csproj", "{1EF9A746-3771-4052-B61B-04BDB3DC381A}"
EndProject
Global
	GlobalSection(SolutionConfigurationPlatforms) = preSolution
		Debug|Any CPU = Debug|Any CPU
		Debug|ARM = Debug|ARM
		Debug|ARM64 = Debug|ARM64
		Debug|x64 = Debug|x64
		Debug|x86 = Debug|x86
		Release|Any CPU = Release|Any CPU
		Release|ARM = Release|ARM
		Release|ARM64 = Release|ARM64
		Release|x64 = Release|x64
		Release|x86 = Release|x86
	EndGlobalSection
	GlobalSection(ProjectConfigurationPlatforms) = postSolution
		{97262E13-DBB7-456F-AC9C-BF4804D16E82}.Debug|Any CPU.ActiveCfg = Debug|Any CPU
		{97262E13-DBB7-456F-AC9C-BF4804D16E82}.Debug|Any CPU.Build.0 = Debug|Any CPU
		{97262E13-DBB7-456F-AC9C-BF4804D16E82}.Debug|ARM.ActiveCfg = Debug|Any CPU
		{97262E13-DBB7-456F-AC9C-BF4804D16E82}.Debug|ARM.Build.0 = Debug|Any CPU
		{97262E13-DBB7-456F-AC9C-BF4804D16E82}.Debug|ARM64.ActiveCfg = Debug|Any CPU
		{97262E13-DBB7-456F-AC9C-BF4804D16E82}.Debug|ARM64.Build.0 = Debug|Any CPU
		{97262E13-DBB7-456F-AC9C-BF4804D16E82}.Debug|x64.ActiveCfg = Debug|Any CPU
		{97262E13-DBB7-456F-AC9C-BF4804D16E82}.Debug|x64.Build.0 = Debug|Any CPU
		{97262E13-DBB7-456F-AC9C-BF4804D16E82}.Debug|x86.ActiveCfg = Debug|Any CPU
		{97262E13-DBB7-456F-AC9C-BF4804D16E82}.Debug|x86.Build.0 = Debug|Any CPU
		{97262E13-DBB7-456F-AC9C-BF4804D16E82}.Release|Any CPU.ActiveCfg = Release|Any CPU
		{97262E13-DBB7-456F-AC9C-BF4804D16E82}.Release|Any CPU.Build.0 = Release|Any CPU
		{97262E13-DBB7-456F-AC9C-BF4804D16E82}.Release|ARM.ActiveCfg = Release|Any CPU
		{97262E13-DBB7-456F-AC9C-BF4804D16E82}.Release|ARM.Build.0 = Release|Any CPU
		{97262E13-DBB7-456F-AC9C-BF4804D16E82}.Release|ARM64.ActiveCfg = Release|Any CPU
		{97262E13-DBB7-456F-AC9C-BF4804D16E82}.Release|ARM64.Build.0 = Release|Any CPU
		{97262E13-DBB7-456F-AC9C-BF4804D16E82}.Release|x64.ActiveCfg = Release|Any CPU
		{97262E13-DBB7-456F-AC9C-BF4804D16E82}.Release|x64.Build.0 = Release|Any CPU
		{97262E13-DBB7-456F-AC9C-BF4804D16E82}.Release|x86.ActiveCfg = Release|Any CPU
		{97262E13-DBB7-456F-AC9C-BF4804D16E82}.Release|x86.Build.0 = Release|Any CPU
		{996AA98E-F099-4A9F-B4F2-F262F37F0D85}.Debug|Any CPU.ActiveCfg = Debug|Any CPU
		{996AA98E-F099-4A9F-B4F2-F262F37F0D85}.Debug|Any CPU.Build.0 = Debug|Any CPU
		{996AA98E-F099-4A9F-B4F2-F262F37F0D85}.Debug|ARM.ActiveCfg = Debug|Any CPU
		{996AA98E-F099-4A9F-B4F2-F262F37F0D85}.Debug|ARM.Build.0 = Debug|Any CPU
		{996AA98E-F099-4A9F-B4F2-F262F37F0D85}.Debug|ARM64.ActiveCfg = Debug|Any CPU
		{996AA98E-F099-4A9F-B4F2-F262F37F0D85}.Debug|ARM64.Build.0 = Debug|Any CPU
		{996AA98E-F099-4A9F-B4F2-F262F37F0D85}.Debug|x64.ActiveCfg = Debug|Any CPU
		{996AA98E-F099-4A9F-B4F2-F262F37F0D85}.Debug|x64.Build.0 = Debug|Any CPU
		{996AA98E-F099-4A9F-B4F2-F262F37F0D85}.Debug|x86.ActiveCfg = Debug|Any CPU
		{996AA98E-F099-4A9F-B4F2-F262F37F0D85}.Debug|x86.Build.0 = Debug|Any CPU
		{996AA98E-F099-4A9F-B4F2-F262F37F0D85}.Release|Any CPU.ActiveCfg = Release|Any CPU
		{996AA98E-F099-4A9F-B4F2-F262F37F0D85}.Release|Any CPU.Build.0 = Release|Any CPU
		{996AA98E-F099-4A9F-B4F2-F262F37F0D85}.Release|ARM.ActiveCfg = Release|Any CPU
		{996AA98E-F099-4A9F-B4F2-F262F37F0D85}.Release|ARM.Build.0 = Release|Any CPU
		{996AA98E-F099-4A9F-B4F2-F262F37F0D85}.Release|ARM64.ActiveCfg = Release|Any CPU
		{996AA98E-F099-4A9F-B4F2-F262F37F0D85}.Release|ARM64.Build.0 = Release|Any CPU
		{996AA98E-F099-4A9F-B4F2-F262F37F0D85}.Release|x64.ActiveCfg = Release|Any CPU
		{996AA98E-F099-4A9F-B4F2-F262F37F0D85}.Release|x64.Build.0 = Release|Any CPU
		{996AA98E-F099-4A9F-B4F2-F262F37F0D85}.Release|x86.ActiveCfg = Release|Any CPU
		{996AA98E-F099-4A9F-B4F2-F262F37F0D85}.Release|x86.Build.0 = Release|Any CPU
		{1EF9A746-3771-4052-B61B-04BDB3DC381A}.Debug|Any CPU.ActiveCfg = Debug|Any CPU
		{1EF9A746-3771-4052-B61B-04BDB3DC381A}.Debug|Any CPU.Build.0 = Debug|Any CPU
		{1EF9A746-3771-4052-B61B-04BDB3DC381A}.Debug|ARM.ActiveCfg = Debug|Any CPU
		{1EF9A746-3771-4052-B61B-04BDB3DC381A}.Debug|ARM.Build.0 = Debug|Any CPU
		{1EF9A746-3771-4052-B61B-04BDB3DC381A}.Debug|ARM64.ActiveCfg = Debug|Any CPU
		{1EF9A746-3771-4052-B61B-04BDB3DC381A}.Debug|ARM64.Build.0 = Debug|Any CPU
		{1EF9A746-3771-4052-B61B-04BDB3DC381A}.Debug|x64.ActiveCfg = Debug|Any CPU
		{1EF9A746-3771-4052-B61B-04BDB3DC381A}.Debug|x64.Build.0 = Debug|Any CPU
		{1EF9A746-3771-4052-B61B-04BDB3DC381A}.Debug|x86.ActiveCfg = Debug|Any CPU
		{1EF9A746-3771-4052-B61B-04BDB3DC381A}.Debug|x86.Build.0 = Debug|Any CPU
		{1EF9A746-3771-4052-B61B-04BDB3DC381A}.Release|Any CPU.ActiveCfg = Release|Any CPU
		{1EF9A746-3771-4052-B61B-04BDB3DC381A}.Release|Any CPU.Build.0 = Release|Any CPU
		{1EF9A746-3771-4052-B61B-04BDB3DC381A}.Release|ARM.ActiveCfg = Release|Any CPU
		{1EF9A746-3771-4052-B61B-04BDB3DC381A}.Release|ARM.Build.0 = Release|Any CPU
		{1EF9A746-3771-4052-B61B-04BDB3DC381A}.Release|ARM64.ActiveCfg = Release|Any CPU
		{1EF9A746-3771-4052-B61B-04BDB3DC381A}.Release|ARM64.Build.0 = Release|Any CPU
		{1EF9A746-3771-4052-B61B-04BDB3DC381A}.Release|x64.ActiveCfg = Release|Any CPU
		{1EF9A746-3771-4052-B61B-04BDB3DC381A}.Release|x64.Build.0 = Release|Any CPU
		{1EF9A746-3771-4052-B61B-04BDB3DC381A}.Release|x86.ActiveCfg = Release|Any CPU
		{1EF9A746-3771-4052-B61B-04BDB3DC381A}.Release|x86.Build.0 = Release|Any CPU
	EndGlobalSection
	GlobalSection(SolutionProperties) = preSolution
		HideSolutionNode = FALSE
	EndGlobalSection
	GlobalSection(ExtensibilityGlobals) = postSolution
		SolutionGuid = {4F3C5C32-E30E-485D-813B-8395990F1E2F}
	EndGlobalSection
EndGlobal
